// !$*UTF8*$!
{
	archiveVersion = 1;
	classes = {
	};
	objectVersion = 46;
	objects = {

/* Begin PBXBuildFile section */
		180915081EA9F3AA001902DD /* main.m in Sources */ = {isa = PBXBuildFile; fileRef = 180915071EA9F3AA001902DD /* main.m */; };
		1809150B1EA9F3AA001902DD /* AppDelegate.m in Sources */ = {isa = PBXBuildFile; fileRef = 1809150A1EA9F3AA001902DD /* AppDelegate.m */; };
		1809150E1EA9F3AA001902DD /* ViewController.m in Sources */ = {isa = PBXBuildFile; fileRef = 1809150D1EA9F3AA001902DD /* ViewController.m */; };
		180915111EA9F3AA001902DD /* Main.storyboard in Resources */ = {isa = PBXBuildFile; fileRef = 1809150F1EA9F3AA001902DD /* Main.storyboard */; };
		180915131EA9F3AA001902DD /* Assets.xcassets in Resources */ = {isa = PBXBuildFile; fileRef = 180915121EA9F3AA001902DD /* Assets.xcassets */; };
		180915161EA9F3AA001902DD /* LaunchScreen.storyboard in Resources */ = {isa = PBXBuildFile; fileRef = 180915141EA9F3AA001902DD /* LaunchScreen.storyboard */; };
		180915211EA9F3AA001902DD /* YPMovieTests.m in Sources */ = {isa = PBXBuildFile; fileRef = 180915201EA9F3AA001902DD /* YPMovieTests.m */; };
		1809152C1EA9F3AA001902DD /* YPMovieUITests.m in Sources */ = {isa = PBXBuildFile; fileRef = 1809152B1EA9F3AA001902DD /* YPMovieUITests.m */; };
/* End PBXBuildFile section */

/* Begin PBXContainerItemProxy section */
		1809151D1EA9F3AA001902DD /* PBXContainerItemProxy */ = {
			isa = PBXContainerItemProxy;
			containerPortal = 180914FB1EA9F3AA001902DD /* Project object */;
			proxyType = 1;
			remoteGlobalIDString = 180915021EA9F3AA001902DD;
			remoteInfo = YPMovie;
		};
		180915281EA9F3AA001902DD /* PBXContainerItemProxy */ = {
			isa = PBXContainerItemProxy;
			containerPortal = 180914FB1EA9F3AA001902DD /* Project object */;
			proxyType = 1;
			remoteGlobalIDString = 180915021EA9F3AA001902DD;
			remoteInfo = YPMovie;
		};
/* End PBXContainerItemProxy section */

/* Begin PBXFileReference section */
		180915031EA9F3AA001902DD /* YPMovie.app */ = {isa = PBXFileReference; explicitFileType = wrapper.application; includeInIndex = 0; path = YPMovie.app; sourceTree = BUILT_PRODUCTS_DIR; };
		180915071EA9F3AA001902DD /* main.m */ = {isa = PBXFileReference; lastKnownFileType = sourcecode.c.objc; path = main.m; sourceTree = "<group>"; };
		180915091EA9F3AA001902DD /* AppDelegate.h */ = {isa = PBXFileReference; lastKnownFileType = sourcecode.c.h; path = AppDelegate.h; sourceTree = "<group>"; };
		1809150A1EA9F3AA001902DD /* AppDelegate.m */ = {isa = PBXFileReference; lastKnownFileType = sourcecode.c.objc; path = AppDelegate.m; sourceTree = "<group>"; };
		1809150C1EA9F3AA001902DD /* ViewController.h */ = {isa = PBXFileReference; lastKnownFileType = sourcecode.c.h; path = ViewController.h; sourceTree = "<group>"; };
		1809150D1EA9F3AA001902DD /* ViewController.m */ = {isa = PBXFileReference; lastKnownFileType = sourcecode.c.objc; path = ViewController.m; sourceTree = "<group>"; };
		180915101EA9F3AA001902DD /* Base */ = {isa = PBXFileReference; lastKnownFileType = file.storyboard; name = Base; path = Base.lproj/Main.storyboard; sourceTree = "<group>"; };
		180915121EA9F3AA001902DD /* Assets.xcassets */ = {isa = PBXFileReference; lastKnownFileType = folder.assetcatalog; path = Assets.xcassets; sourceTree = "<group>"; };
		180915151EA9F3AA001902DD /* Base */ = {isa = PBXFileReference; lastKnownFileType = file.storyboard; name = Base; path = Base.lproj/LaunchScreen.storyboard; sourceTree = "<group>"; };
		180915171EA9F3AA001902DD /* Info.plist */ = {isa = PBXFileReference; lastKnownFileType = text.plist.xml; path = Info.plist; sourceTree = "<group>"; };
		1809151C1EA9F3AA001902DD /* YPMovieTests.xctest */ = {isa = PBXFileReference; explicitFileType = wrapper.cfbundle; includeInIndex = 0; path = YPMovieTests.xctest; sourceTree = BUILT_PRODUCTS_DIR; };
		180915201EA9F3AA001902DD /* YPMovieTests.m */ = {isa = PBXFileReference; lastKnownFileType = sourcecode.c.objc; path = YPMovieTests.m; sourceTree = "<group>"; };
		180915221EA9F3AA001902DD /* Info.plist */ = {isa = PBXFileReference; lastKnownFileType = text.plist.xml; path = Info.plist; sourceTree = "<group>"; };
		180915271EA9F3AA001902DD /* YPMovieUITests.xctest */ = {isa = PBXFileReference; explicitFileType = wrapper.cfbundle; includeInIndex = 0; path = YPMovieUITests.xctest; sourceTree = BUILT_PRODUCTS_DIR; };
		1809152B1EA9F3AA001902DD /* YPMovieUITests.m */ = {isa = PBXFileReference; lastKnownFileType = sourcecode.c.objc; path = YPMovieUITests.m; sourceTree = "<group>"; };
		1809152D1EA9F3AA001902DD /* Info.plist */ = {isa = PBXFileReference; lastKnownFileType = text.plist.xml; path = Info.plist; sourceTree = "<group>"; };
/* End PBXFileReference section */

/* Begin PBXFrameworksBuildPhase section */
		180915001EA9F3AA001902DD /* Frameworks */ = {
			isa = PBXFrameworksBuildPhase;
			buildActionMask = 2147483647;
			files = (
			);
			runOnlyForDeploymentPostprocessing = 0;
		};
		180915191EA9F3AA001902DD /* Frameworks */ = {
			isa = PBXFrameworksBuildPhase;
			buildActionMask = 2147483647;
			files = (
			);
			runOnlyForDeploymentPostprocessing = 0;
		};
		180915241EA9F3AA001902DD /* Frameworks */ = {
			isa = PBXFrameworksBuildPhase;
			buildActionMask = 2147483647;
			files = (
			);
			runOnlyForDeploymentPostprocessing = 0;
		};
/* End PBXFrameworksBuildPhase section */

/* Begin PBXGroup section */
		180914FA1EA9F3AA001902DD = {
			isa = PBXGroup;
			children = (
				180915051EA9F3AA001902DD /* YPMovie */,
				1809151F1EA9F3AA001902DD /* YPMovieTests */,
				1809152A1EA9F3AA001902DD /* YPMovieUITests */,
				180915041EA9F3AA001902DD /* Products */,
			);
			sourceTree = "<group>";
		};
		180915041EA9F3AA001902DD /* Products */ = {
			isa = PBXGroup;
			children = (
				180915031EA9F3AA001902DD /* YPMovie.app */,
				1809151C1EA9F3AA001902DD /* YPMovieTests.xctest */,
				180915271EA9F3AA001902DD /* YPMovieUITests.xctest */,
			);
			name = Products;
			sourceTree = "<group>";
		};
		180915051EA9F3AA001902DD /* YPMovie */ = {
			isa = PBXGroup;
			children = (
				180915091EA9F3AA001902DD /* AppDelegate.h */,
				1809150A1EA9F3AA001902DD /* AppDelegate.m */,
				1809150C1EA9F3AA001902DD /* ViewController.h */,
				1809150D1EA9F3AA001902DD /* ViewController.m */,
				1809150F1EA9F3AA001902DD /* Main.storyboard */,
				180915121EA9F3AA001902DD /* Assets.xcassets */,
				180915141EA9F3AA001902DD /* LaunchScreen.storyboard */,
				180915171EA9F3AA001902DD /* Info.plist */,
				180915061EA9F3AA001902DD /* Supporting Files */,
			);
			path = YPMovie;
			sourceTree = "<group>";
		};
		180915061EA9F3AA001902DD /* Supporting Files */ = {
			isa = PBXGroup;
			children = (
				180915071EA9F3AA001902DD /* main.m */,
			);
			name = "Supporting Files";
			sourceTree = "<group>";
		};
		1809151F1EA9F3AA001902DD /* YPMovieTests */ = {
			isa = PBXGroup;
			children = (
				180915201EA9F3AA001902DD /* YPMovieTests.m */,
				180915221EA9F3AA001902DD /* Info.plist */,
			);
			path = YPMovieTests;
			sourceTree = "<group>";
		};
		1809152A1EA9F3AA001902DD /* YPMovieUITests */ = {
			isa = PBXGroup;
			children = (
				1809152B1EA9F3AA001902DD /* YPMovieUITests.m */,
				1809152D1EA9F3AA001902DD /* Info.plist */,
			);
			path = YPMovieUITests;
			sourceTree = "<group>";
		};
/* End PBXGroup section */

/* Begin PBXNativeTarget section */
		180915021EA9F3AA001902DD /* YPMovie */ = {
			isa = PBXNativeTarget;
			buildConfigurationList = 180915301EA9F3AA001902DD /* Build configuration list for PBXNativeTarget "YPMovie" */;
			buildPhases = (
				180914FF1EA9F3AA001902DD /* Sources */,
				180915001EA9F3AA001902DD /* Frameworks */,
				180915011EA9F3AA001902DD /* Resources */,
			);
			buildRules = (
			);
			dependencies = (
			);
			name = YPMovie;
			productName = YPMovie;
			productReference = 180915031EA9F3AA001902DD /* YPMovie.app */;
			productType = "com.apple.product-type.application";
		};
		1809151B1EA9F3AA001902DD /* YPMovieTests */ = {
			isa = PBXNativeTarget;
			buildConfigurationList = 180915331EA9F3AA001902DD /* Build configuration list for PBXNativeTarget "YPMovieTests" */;
			buildPhases = (
				180915181EA9F3AA001902DD /* Sources */,
				180915191EA9F3AA001902DD /* Frameworks */,
				1809151A1EA9F3AA001902DD /* Resources */,
			);
			buildRules = (
			);
			dependencies = (
				1809151E1EA9F3AA001902DD /* PBXTargetDependency */,
			);
			name = YPMovieTests;
			productName = YPMovieTests;
			productReference = 1809151C1EA9F3AA001902DD /* YPMovieTests.xctest */;
			productType = "com.apple.product-type.bundle.unit-test";
		};
		180915261EA9F3AA001902DD /* YPMovieUITests */ = {
			isa = PBXNativeTarget;
			buildConfigurationList = 180915361EA9F3AA001902DD /* Build configuration list for PBXNativeTarget "YPMovieUITests" */;
			buildPhases = (
				180915231EA9F3AA001902DD /* Sources */,
				180915241EA9F3AA001902DD /* Frameworks */,
				180915251EA9F3AA001902DD /* Resources */,
			);
			buildRules = (
			);
			dependencies = (
				180915291EA9F3AA001902DD /* PBXTargetDependency */,
			);
			name = YPMovieUITests;
			productName = YPMovieUITests;
			productReference = 180915271EA9F3AA001902DD /* YPMovieUITests.xctest */;
			productType = "com.apple.product-type.bundle.ui-testing";
		};
/* End PBXNativeTarget section */

/* Begin PBXProject section */
		180914FB1EA9F3AA001902DD /* Project object */ = {
			isa = PBXProject;
			attributes = {
				LastUpgradeCheck = 0810;
				ORGANIZATIONNAME = SP;
				TargetAttributes = {
					180915021EA9F3AA001902DD = {
						CreatedOnToolsVersion = 8.1;
						DevelopmentTeam = KCYZH97276;
						ProvisioningStyle = Automatic;
					};
					1809151B1EA9F3AA001902DD = {
						CreatedOnToolsVersion = 8.1;
						DevelopmentTeam = KCYZH97276;
						ProvisioningStyle = Automatic;
						TestTargetID = 180915021EA9F3AA001902DD;
					};
					180915261EA9F3AA001902DD = {
						CreatedOnToolsVersion = 8.1;
						DevelopmentTeam = KCYZH97276;
						ProvisioningStyle = Automatic;
						TestTargetID = 180915021EA9F3AA001902DD;
					};
				};
			};
			buildConfigurationList = 180914FE1EA9F3AA001902DD /* Build configuration list for PBXProject "YPMovie" */;
			compatibilityVersion = "Xcode 3.2";
			developmentRegion = English;
			hasScannedForEncodings = 0;
			knownRegions = (
				en,
				Base,
			);
			mainGroup = 180914FA1EA9F3AA001902DD;
			productRefGroup = 180915041EA9F3AA001902DD /* Products */;
			projectDirPath = "";
			projectRoot = "";
			targets = (
				180915021EA9F3AA001902DD /* YPMovie */,
				1809151B1EA9F3AA001902DD /* YPMovieTests */,
				180915261EA9F3AA001902DD /* YPMovieUITests */,
			);
		};
/* End PBXProject section */

/* Begin PBXResourcesBuildPhase section */
		180915011EA9F3AA001902DD /* Resources */ = {
			isa = PBXResourcesBuildPhase;
			buildActionMask = 2147483647;
			files = (
				180915161EA9F3AA001902DD /* LaunchScreen.storyboard in Resources */,
				180915131EA9F3AA001902DD /* Assets.xcassets in Resources */,
				180915111EA9F3AA001902DD /* Main.storyboard in Resources */,
			);
			runOnlyForDeploymentPostprocessing = 0;
		};
		1809151A1EA9F3AA001902DD /* Resources */ = {
			isa = PBXResourcesBuildPhase;
			buildActionMask = 2147483647;
			files = (
			);
			runOnlyForDeploymentPostprocessing = 0;
		};
		180915251EA9F3AA001902DD /* Resources */ = {
			isa = PBXResourcesBuildPhase;
			buildActionMask = 2147483647;
			files = (
			);
			runOnlyForDeploymentPostprocessing = 0;
		};
/* End PBXResourcesBuildPhase section */

/* Begin PBXSourcesBuildPhase section */
		180914FF1EA9F3AA001902DD /* Sources */ = {
			isa = PBXSourcesBuildPhase;
			buildActionMask = 2147483647;
			files = (
				1809150E1EA9F3AA001902DD /* ViewController.m in Sources */,
				1809150B1EA9F3AA001902DD /* AppDelegate.m in Sources */,
				180915081EA9F3AA001902DD /* main.m in Sources */,
			);
			runOnlyForDeploymentPostprocessing = 0;
		};
		180915181EA9F3AA001902DD /* Sources */ = {
			isa = PBXSourcesBuildPhase;
			buildActionMask = 2147483647;
			files = (
				180915211EA9F3AA001902DD /* YPMovieTests.m in Sources */,
			);
			runOnlyForDeploymentPostprocessing = 0;
		};
		180915231EA9F3AA001902DD /* Sources */ = {
			isa = PBXSourcesBuildPhase;
			buildActionMask = 2147483647;
			files = (
				1809152C1EA9F3AA001902DD /* YPMovieUITests.m in Sources */,
			);
			runOnlyForDeploymentPostprocessing = 0;
		};
/* End PBXSourcesBuildPhase section */

/* Begin PBXTargetDependency section */
		1809151E1EA9F3AA001902DD /* PBXTargetDependency */ = {
			isa = PBXTargetDependency;
			target = 180915021EA9F3AA001902DD /* YPMovie */;
			targetProxy = 1809151D1EA9F3AA001902DD /* PBXContainerItemProxy */;
		};
		180915291EA9F3AA001902DD /* PBXTargetDependency */ = {
			isa = PBXTargetDependency;
			target = 180915021EA9F3AA001902DD /* YPMovie */;
			targetProxy = 180915281EA9F3AA001902DD /* PBXContainerItemProxy */;
		};
/* End PBXTargetDependency section */

/* Begin PBXVariantGroup section */
		1809150F1EA9F3AA001902DD /* Main.storyboard */ = {
			isa = PBXVariantGroup;
			children = (
				180915101EA9F3AA001902DD /* Base */,
			);
			name = Main.storyboard;
			sourceTree = "<group>";
		};
		180915141EA9F3AA001902DD /* LaunchScreen.storyboard */ = {
			isa = PBXVariantGroup;
			children = (
				180915151EA9F3AA001902DD /* Base */,
			);
			name = LaunchScreen.storyboard;
			sourceTree = "<group>";
		};
/* End PBXVariantGroup section */

/* Begin XCBuildConfiguration section */
		1809152E1EA9F3AA001902DD /* Debug */ = {
			isa = XCBuildConfiguration;
			buildSettings = {
				ALWAYS_SEARCH_USER_PATHS = NO;
				CLANG_ANALYZER_NONNULL = YES;
				CLANG_CXX_LANGUAGE_STANDARD = "gnu++0x";
				CLANG_CXX_LIBRARY = "libc++";
				CLANG_ENABLE_MODULES = YES;
				CLANG_ENABLE_OBJC_ARC = YES;
				CLANG_WARN_BOOL_CONVERSION = YES;
				CLANG_WARN_CONSTANT_CONVERSION = YES;
				CLANG_WARN_DIRECT_OBJC_ISA_USAGE = YES_ERROR;
				CLANG_WARN_DOCUMENTATION_COMMENTS = YES;
				CLANG_WARN_EMPTY_BODY = YES;
				CLANG_WARN_ENUM_CONVERSION = YES;
				CLANG_WARN_INFINITE_RECURSION = YES;
				CLANG_WARN_INT_CONVERSION = YES;
				CLANG_WARN_OBJC_ROOT_CLASS = YES_ERROR;
				CLANG_WARN_SUSPICIOUS_MOVES = YES;
				CLANG_WARN_UNREACHABLE_CODE = YES;
				CLANG_WARN__DUPLICATE_METHOD_MATCH = YES;
				"CODE_SIGN_IDENTITY[sdk=iphoneos*]" = "iPhone Developer";
				COPY_PHASE_STRIP = NO;
				DEBUG_INFORMATION_FORMAT = dwarf;
				ENABLE_STRICT_OBJC_MSGSEND = YES;
				ENABLE_TESTABILITY = YES;
				GCC_C_LANGUAGE_STANDARD = gnu99;
				GCC_DYNAMIC_NO_PIC = NO;
				GCC_NO_COMMON_BLOCKS = YES;
				GCC_OPTIMIZATION_LEVEL = 0;
				GCC_PREPROCESSOR_DEFINITIONS = (
					"DEBUG=1",
					"$(inherited)",
				);
				GCC_WARN_64_TO_32_BIT_CONVERSION = YES;
				GCC_WARN_ABOUT_RETURN_TYPE = YES_ERROR;
				GCC_WARN_UNDECLARED_SELECTOR = YES;
				GCC_WARN_UNINITIALIZED_AUTOS = YES_AGGRESSIVE;
				GCC_WARN_UNUSED_FUNCTION = YES;
				GCC_WARN_UNUSED_VARIABLE = YES;
				IPHONEOS_DEPLOYMENT_TARGET = 10.1;
				MTL_ENABLE_DEBUG_INFO = YES;
				ONLY_ACTIVE_ARCH = YES;
				SDKROOT = iphoneos;
			};
			name = Debug;
		};
		1809152F1EA9F3AA001902DD /* Release */ = {
			isa = XCBuildConfiguration;
			buildSettings = {
				ALWAYS_SEARCH_USER_PATHS = NO;
				CLANG_ANALYZER_NONNULL = YES;
				CLANG_CXX_LANGUAGE_STANDARD = "gnu++0x";
				CLANG_CXX_LIBRARY = "libc++";
				CLANG_ENABLE_MODULES = YES;
				CLANG_ENABLE_OBJC_ARC = YES;
				CLANG_WARN_BOOL_CONVERSION = YES;
				CLANG_WARN_CONSTANT_CONVERSION = YES;
				CLANG_WARN_DIRECT_OBJC_ISA_USAGE = YES_ERROR;
				CLANG_WARN_DOCUMENTATION_COMMENTS = YES;
				CLANG_WARN_EMPTY_BODY = YES;
				CLANG_WARN_ENUM_CONVERSION = YES;
				CLANG_WARN_INFINITE_RECURSION = YES;
				CLANG_WARN_INT_CONVERSION = YES;
				CLANG_WARN_OBJC_ROOT_CLASS = YES_ERROR;
				CLANG_WARN_SUSPICIOUS_MOVES = YES;
				CLANG_WARN_UNREACHABLE_CODE = YES;
				CLANG_WARN__DUPLICATE_METHOD_MATCH = YES;
				"CODE_SIGN_IDENTITY[sdk=iphoneos*]" = "iPhone Developer";
				COPY_PHASE_STRIP = NO;
				DEBUG_INFORMATION_FORMAT = "dwarf-with-dsym";
				ENABLE_NS_ASSERTIONS = NO;
				ENABLE_STRICT_OBJC_MSGSEND = YES;
				GCC_C_LANGUAGE_STANDARD = gnu99;
				GCC_NO_COMMON_BLOCKS = YES;
				GCC_WARN_64_TO_32_BIT_CONVERSION = YES;
				GCC_WARN_ABOUT_RETURN_TYPE = YES_ERROR;
				GCC_WARN_UNDECLARED_SELECTOR = YES;
				GCC_WARN_UNINITIALIZED_AUTOS = YES_AGGRESSIVE;
				GCC_WARN_UNUSED_FUNCTION = YES;
				GCC_WARN_UNUSED_VARIABLE = YES;
				IPHONEOS_DEPLOYMENT_TARGET = 10.1;
				MTL_ENABLE_DEBUG_INFO = NO;
				SDKROOT = iphoneos;
				VALIDATE_PRODUCT = YES;
			};
			name = Release;
		};
		180915311EA9F3AA001902DD /* Debug */ = {
			isa = XCBuildConfiguration;
			buildSettings = {
				ASSETCATALOG_COMPILER_APPICON_NAME = AppIcon;
				DEVELOPMENT_TEAM = KCYZH97276;
				INFOPLIST_FILE = YPMovie/Info.plist;
				LD_RUNPATH_SEARCH_PATHS = "$(inherited) @executable_path/Frameworks";
				PRODUCT_BUNDLE_IDENTIFIER = com.SP.YPMovie;
				PRODUCT_NAME = "$(TARGET_NAME)";
			};
			name = Debug;
		};
		180915321EA9F3AA001902DD /* Release */ = {
			isa = XCBuildConfiguration;
			buildSettings = {
				ASSETCATALOG_COMPILER_APPICON_NAME = AppIcon;
				DEVELOPMENT_TEAM = KCYZH97276;
				INFOPLIST_FILE = YPMovie/Info.plist;
				LD_RUNPATH_SEARCH_PATHS = "$(inherited) @executable_path/Frameworks";
				PRODUCT_BUNDLE_IDENTIFIER = com.SP.YPMovie;
				PRODUCT_NAME = "$(TARGET_NAME)";
			};
			name = Release;
		};
		180915341EA9F3AA001902DD /* Debug */ = {
			isa = XCBuildConfiguration;
			buildSettings = {
				BUNDLE_LOADER = "$(TEST_HOST)";
				DEVELOPMENT_TEAM = KCYZH97276;
				INFOPLIST_FILE = YPMovieTests/Info.plist;
				LD_RUNPATH_SEARCH_PATHS = "$(inherited) @executable_path/Frameworks @loader_path/Frameworks";
				PRODUCT_BUNDLE_IDENTIFIER = com.SP.YPMovieTests;
				PRODUCT_NAME = "$(TARGET_NAME)";
				TEST_HOST = "$(BUILT_PRODUCTS_DIR)/YPMovie.app/YPMovie";
			};
			name = Debug;
		};
		180915351EA9F3AA001902DD /* Release */ = {
			isa = XCBuildConfiguration;
			buildSettings = {
				BUNDLE_LOADER = "$(TEST_HOST)";
				DEVELOPMENT_TEAM = KCYZH97276;
				INFOPLIST_FILE = YPMovieTests/Info.plist;
				LD_RUNPATH_SEARCH_PATHS = "$(inherited) @executable_path/Frameworks @loader_path/Frameworks";
				PRODUCT_BUNDLE_IDENTIFIER = com.SP.YPMovieTests;
				PRODUCT_NAME = "$(TARGET_NAME)";
				TEST_HOST = "$(BUILT_PRODUCTS_DIR)/YPMovie.app/YPMovie";
			};
			name = Release;
		};
		180915371EA9F3AA001902DD /* Debug */ = {
			isa = XCBuildConfiguration;
			buildSettings = {
				DEVELOPMENT_TEAM = KCYZH97276;
				INFOPLIST_FILE = YPMovieUITests/Info.plist;
				LD_RUNPATH_SEARCH_PATHS = "$(inherited) @executable_path/Frameworks @loader_path/Frameworks";
				PRODUCT_BUNDLE_IDENTIFIER = com.SP.YPMovieUITests;
				PRODUCT_NAME = "$(TARGET_NAME)";
				TEST_TARGET_NAME = YPMovie;
			};
			name = Debug;
		};
		180915381EA9F3AA001902DD /* Release */ = {
			isa = XCBuildConfiguration;
			buildSettings = {
				DEVELOPMENT_TEAM = KCYZH97276;
				INFOPLIST_FILE = YPMovieUITests/Info.plist;
				LD_RUNPATH_SEARCH_PATHS = "$(inherited) @executable_path/Frameworks @loader_path/Frameworks";
				PRODUCT_BUNDLE_IDENTIFIER = com.SP.YPMovieUITests;
				PRODUCT_NAME = "$(TARGET_NAME)";
				TEST_TARGET_NAME = YPMovie;
			};
			name = Release;
		};
/* End XCBuildConfiguration section */

/* Begin XCConfigurationList section */
		180914FE1EA9F3AA001902DD /* Build configuration list for PBXProject "YPMovie" */ = {
			isa = XCConfigurationList;
			buildConfigurations = (
				1809152E1EA9F3AA001902DD /* Debug */,
				1809152F1EA9F3AA001902DD /* Release */,
			);
			defaultConfigurationIsVisible = 0;
			defaultConfigurationName = Release;
		};
		180915301EA9F3AA001902DD /* Build configuration list for PBXNativeTarget "YPMovie" */ = {
			isa = XCConfigurationList;
			buildConfigurations = (
				180915311EA9F3AA001902DD /* Debug */,
				180915321EA9F3AA001902DD /* Release */,
			);
			defaultConfigurationIsVisible = 0;
		};
		180915331EA9F3AA001902DD /* Build configuration list for PBXNativeTarget "YPMovieTests" */ = {
			isa = XCConfigurationList;
			buildConfigurations = (
				180915341EA9F3AA001902DD /* Debug */,
				180915351EA9F3AA001902DD /* Release */,
			);
			defaultConfigurationIsVisible = 0;
		};
		180915361EA9F3AA001902DD /* Build configuration list for PBXNativeTarget "YPMovieUITests" */ = {
			isa = XCConfigurationList;
			buildConfigurations = (
				180915371EA9F3AA001902DD /* Debug */,
				180915381EA9F3AA001902DD /* Release */,
			);
			defaultConfigurationIsVisible = 0;
		};
/* End XCConfigurationList section */
	};
	rootObject = 180914FB1EA9F3AA001902DD /* Project object */;
}
