// !$*UTF8*$!
{
	archiveVersion = 1;
	classes = {
	};
	objectVersion = 46;
	objects = {

/* Begin PBXBuildFile section */
		180665EF1EB8622500D6BF1C /* arrow.png in Resources */ = {isa = PBXBuildFile; fileRef = 180665EE1EB8622500D6BF1C /* arrow.png */; };
		18068DE41EB5DC29004B255E /* YPHomeModel.m in Sources */ = {isa = PBXBuildFile; fileRef = 18068DE31EB5DC29004B255E /* YPHomeModel.m */; };
		18068DE81EB5F158004B255E /* background.png in Resources */ = {isa = PBXBuildFile; fileRef = 18068DE71EB5F158004B255E /* background.png */; };
		1806D0B51EB0C8A300FA9005 /* YPHomeBannerView.m in Sources */ = {isa = PBXBuildFile; fileRef = 1806D0B41EB0C8A300FA9005 /* YPHomeBannerView.m */; };
		1806F8281EB3769500FE0E07 /* YPHomeViewController.m in Sources */ = {isa = PBXBuildFile; fileRef = 1806F8271EB3769500FE0E07 /* YPHomeViewController.m */; };
		1807BF911EADFA19003AD969 /* CoreLocation.framework in Frameworks */ = {isa = PBXBuildFile; fileRef = 1807BF901EADFA19003AD969 /* CoreLocation.framework */; };
		180915111EA9F3AA001902DD /* Main.storyboard in Resources */ = {isa = PBXBuildFile; fileRef = 1809150F1EA9F3AA001902DD /* Main.storyboard */; };
		180915131EA9F3AA001902DD /* Assets.xcassets in Resources */ = {isa = PBXBuildFile; fileRef = 180915121EA9F3AA001902DD /* Assets.xcassets */; };
		180915161EA9F3AA001902DD /* LaunchScreen.storyboard in Resources */ = {isa = PBXBuildFile; fileRef = 180915141EA9F3AA001902DD /* LaunchScreen.storyboard */; };
		180915211EA9F3AA001902DD /* YPMovieTests.m in Sources */ = {isa = PBXBuildFile; fileRef = 180915201EA9F3AA001902DD /* YPMovieTests.m */; };
		1809152C1EA9F3AA001902DD /* YPMovieUITests.m in Sources */ = {isa = PBXBuildFile; fileRef = 1809152B1EA9F3AA001902DD /* YPMovieUITests.m */; };
		180915511EA9F453001902DD /* AppDelegate.m in Sources */ = {isa = PBXBuildFile; fileRef = 1809154B1EA9F453001902DD /* AppDelegate.m */; };
		180915521EA9F453001902DD /* main.m in Sources */ = {isa = PBXBuildFile; fileRef = 1809154C1EA9F453001902DD /* main.m */; };
		180915611EA9F87A001902DD /* YPMainTabbarViewController.m in Sources */ = {isa = PBXBuildFile; fileRef = 180915601EA9F87A001902DD /* YPMainTabbarViewController.m */; };
		180915641EA9F88D001902DD /* YPMeViewController.m in Sources */ = {isa = PBXBuildFile; fileRef = 180915631EA9F88D001902DD /* YPMeViewController.m */; };
		180915671EA9F899001902DD /* YPCinemaViewController.m in Sources */ = {isa = PBXBuildFile; fileRef = 180915661EA9F899001902DD /* YPCinemaViewController.m */; };
		1809156A1EA9F8A5001902DD /* YPTicketViewController.m in Sources */ = {isa = PBXBuildFile; fileRef = 180915691EA9F8A5001902DD /* YPTicketViewController.m */; };
		180915801EAA311A001902DD /* CityData.plist in Resources */ = {isa = PBXBuildFile; fileRef = 180915741EAA311A001902DD /* CityData.plist */; };
		180915811EAA311A001902DD /* TLCity.m in Sources */ = {isa = PBXBuildFile; fileRef = 180915761EAA311A001902DD /* TLCity.m */; };
		180915821EAA311A001902DD /* TLCityGroupCell.m in Sources */ = {isa = PBXBuildFile; fileRef = 180915781EAA311A001902DD /* TLCityGroupCell.m */; };
		180915831EAA311A001902DD /* TLCityHeaderView.m in Sources */ = {isa = PBXBuildFile; fileRef = 1809157A1EAA311A001902DD /* TLCityHeaderView.m */; };
		180915841EAA311A001902DD /* TLCityPickerController.m in Sources */ = {isa = PBXBuildFile; fileRef = 1809157C1EAA311A001902DD /* TLCityPickerController.m */; };
		180915851EAA311A001902DD /* TLCityPickerSearchResultController.m in Sources */ = {isa = PBXBuildFile; fileRef = 1809157F1EAA311A001902DD /* TLCityPickerSearchResultController.m */; };
		180A81471EB8918A00A62946 /* YPHomeDetailViewController.m in Sources */ = {isa = PBXBuildFile; fileRef = 180A81461EB8918A00A62946 /* YPHomeDetailViewController.m */; };
		180A814F1EB8C95F00A62946 /* arrow1.png in Resources */ = {isa = PBXBuildFile; fileRef = 180A814E1EB8C95F00A62946 /* arrow1.png */; };
		180CEC581EB9C26D00CCBC9A /* YPHomeReserveViewController.m in Sources */ = {isa = PBXBuildFile; fileRef = 180CEC571EB9C26D00CCBC9A /* YPHomeReserveViewController.m */; };
		180CEC781EBA128700CCBC9A /* seats 0.plist in Resources */ = {isa = PBXBuildFile; fileRef = 180CEC5A1EBA128700CCBC9A /* seats 0.plist */; };
		180CEC791EBA128700CCBC9A /* seats 1.plist in Resources */ = {isa = PBXBuildFile; fileRef = 180CEC5B1EBA128700CCBC9A /* seats 1.plist */; };
		180CEC7A1EBA128700CCBC9A /* seats 2.plist in Resources */ = {isa = PBXBuildFile; fileRef = 180CEC5C1EBA128700CCBC9A /* seats 2.plist */; };
		180CEC7B1EBA128700CCBC9A /* seats 3.plist in Resources */ = {isa = PBXBuildFile; fileRef = 180CEC5D1EBA128700CCBC9A /* seats 3.plist */; };
		180CEC7C1EBA128700CCBC9A /* seats 4.plist in Resources */ = {isa = PBXBuildFile; fileRef = 180CEC5E1EBA128700CCBC9A /* seats 4.plist */; };
		180CEC7D1EBA128700CCBC9A /* UIView+Extension.m in Sources */ = {isa = PBXBuildFile; fileRef = 180CEC601EBA128700CCBC9A /* UIView+Extension.m */; };
		180CEC7E1EBA128700CCBC9A /* ZFAppLogoView.m in Sources */ = {isa = PBXBuildFile; fileRef = 180CEC621EBA128700CCBC9A /* ZFAppLogoView.m */; };
		180CEC7F1EBA128700CCBC9A /* ZFCenterLineView.m in Sources */ = {isa = PBXBuildFile; fileRef = 180CEC641EBA128700CCBC9A /* ZFCenterLineView.m */; };
		180CEC801EBA128700CCBC9A /* ZFHallLogoView.m in Sources */ = {isa = PBXBuildFile; fileRef = 180CEC661EBA128700CCBC9A /* ZFHallLogoView.m */; };
		180CEC811EBA128700CCBC9A /* ZFIndicatorView.m in Sources */ = {isa = PBXBuildFile; fileRef = 180CEC681EBA128700CCBC9A /* ZFIndicatorView.m */; };
		180CEC821EBA128700CCBC9A /* ZFRowIndexView.m in Sources */ = {isa = PBXBuildFile; fileRef = 180CEC6A1EBA128700CCBC9A /* ZFRowIndexView.m */; };
		180CEC831EBA128700CCBC9A /* ZFSeatButton.m in Sources */ = {isa = PBXBuildFile; fileRef = 180CEC6C1EBA128700CCBC9A /* ZFSeatButton.m */; };
		180CEC841EBA128700CCBC9A /* ZFSeatModel.m in Sources */ = {isa = PBXBuildFile; fileRef = 180CEC6E1EBA128700CCBC9A /* ZFSeatModel.m */; };
		180CEC851EBA128700CCBC9A /* ZFSeatSelectionTool.m in Sources */ = {isa = PBXBuildFile; fileRef = 180CEC711EBA128700CCBC9A /* ZFSeatSelectionTool.m */; };
		180CEC861EBA128700CCBC9A /* ZFSeatSelectionView.m in Sources */ = {isa = PBXBuildFile; fileRef = 180CEC731EBA128700CCBC9A /* ZFSeatSelectionView.m */; };
		180CEC871EBA128700CCBC9A /* ZFSeatsModel.m in Sources */ = {isa = PBXBuildFile; fileRef = 180CEC751EBA128700CCBC9A /* ZFSeatsModel.m */; };
		180CEC881EBA128700CCBC9A /* ZFSeatsView.m in Sources */ = {isa = PBXBuildFile; fileRef = 180CEC771EBA128700CCBC9A /* ZFSeatsView.m */; };
		180CEC8B1EBA144000CCBC9A /* MBProgressHUD.m in Sources */ = {isa = PBXBuildFile; fileRef = 180CEC8A1EBA144000CCBC9A /* MBProgressHUD.m */; };
		180CEC8D1EBA212D00CCBC9A /* shopping.png in Resources */ = {isa = PBXBuildFile; fileRef = 180CEC8C1EBA212D00CCBC9A /* shopping.png */; };
		185ED9B21EB739C8003FE101 /* YPHomeTableViewCell.m in Sources */ = {isa = PBXBuildFile; fileRef = 185ED9B11EB739C8003FE101 /* YPHomeTableViewCell.m */; };
		185ED9B51EB78513003FE101 /* YPHomeSectionTableViewCell.m in Sources */ = {isa = PBXBuildFile; fileRef = 185ED9B41EB78513003FE101 /* YPHomeSectionTableViewCell.m */; };
		185ED9B71EB78D85003FE101 /* topic.png in Resources */ = {isa = PBXBuildFile; fileRef = 185ED9B61EB78D85003FE101 /* topic.png */; };
		18E692531EB37C7600FAA646 /* YPData.json in Resources */ = {isa = PBXBuildFile; fileRef = 18E692521EB37C7600FAA646 /* YPData.json */; };
		1B2DB8E46D7C5A70AE7206B4 /* libPods-YPMovie.a in Frameworks */ = {isa = PBXBuildFile; fileRef = 6C711BAA6E2347D3AFFE2442 /* libPods-YPMovie.a */; };
/* End PBXBuildFile section */

/* Begin PBXContainerItemProxy section */
		1809151D1EA9F3AA001902DD /* PBXContainerItemProxy */ = {
			isa = PBXContainerItemProxy;
			containerPortal = 180914FB1EA9F3AA001902DD /* Project object */;
			proxyType = 1;
			remoteGlobalIDString = 180915021EA9F3AA001902DD;
			remoteInfo = YPMovie;
		};
		180915281EA9F3AA001902DD /* PBXContainerItemProxy */ = {
			isa = PBXContainerItemProxy;
			containerPortal = 180914FB1EA9F3AA001902DD /* Project object */;
			proxyType = 1;
			remoteGlobalIDString = 180915021EA9F3AA001902DD;
			remoteInfo = YPMovie;
		};
/* End PBXContainerItemProxy section */

/* Begin PBXFileReference section */
		180665EE1EB8622500D6BF1C /* arrow.png */ = {isa = PBXFileReference; lastKnownFileType = image.png; path = arrow.png; sourceTree = "<group>"; };
		18068DE21EB5DC29004B255E /* YPHomeModel.h */ = {isa = PBXFileReference; fileEncoding = 4; lastKnownFileType = sourcecode.c.h; path = YPHomeModel.h; sourceTree = "<group>"; };
		18068DE31EB5DC29004B255E /* YPHomeModel.m */ = {isa = PBXFileReference; fileEncoding = 4; lastKnownFileType = sourcecode.c.objc; path = YPHomeModel.m; sourceTree = "<group>"; };
		18068DE71EB5F158004B255E /* background.png */ = {isa = PBXFileReference; lastKnownFileType = image.png; path = background.png; sourceTree = "<group>"; };
		1806D0B31EB0C8A300FA9005 /* YPHomeBannerView.h */ = {isa = PBXFileReference; fileEncoding = 4; lastKnownFileType = sourcecode.c.h; path = YPHomeBannerView.h; sourceTree = "<group>"; };
		1806D0B41EB0C8A300FA9005 /* YPHomeBannerView.m */ = {isa = PBXFileReference; fileEncoding = 4; lastKnownFileType = sourcecode.c.objc; path = YPHomeBannerView.m; sourceTree = "<group>"; };
		1806F8261EB3769500FE0E07 /* YPHomeViewController.h */ = {isa = PBXFileReference; fileEncoding = 4; lastKnownFileType = sourcecode.c.h; path = YPHomeViewController.h; sourceTree = "<group>"; };
		1806F8271EB3769500FE0E07 /* YPHomeViewController.m */ = {isa = PBXFileReference; fileEncoding = 4; lastKnownFileType = sourcecode.c.objc; path = YPHomeViewController.m; sourceTree = "<group>"; };
		1807BF901EADFA19003AD969 /* CoreLocation.framework */ = {isa = PBXFileReference; lastKnownFileType = wrapper.framework; name = CoreLocation.framework; path = System/Library/Frameworks/CoreLocation.framework; sourceTree = SDKROOT; };
		180915031EA9F3AA001902DD /* YPMovie.app */ = {isa = PBXFileReference; explicitFileType = wrapper.application; includeInIndex = 0; path = YPMovie.app; sourceTree = BUILT_PRODUCTS_DIR; };
		180915101EA9F3AA001902DD /* Base */ = {isa = PBXFileReference; lastKnownFileType = file.storyboard; name = Base; path = Base.lproj/Main.storyboard; sourceTree = "<group>"; };
		180915121EA9F3AA001902DD /* Assets.xcassets */ = {isa = PBXFileReference; lastKnownFileType = folder.assetcatalog; path = Assets.xcassets; sourceTree = "<group>"; };
		180915151EA9F3AA001902DD /* Base */ = {isa = PBXFileReference; lastKnownFileType = file.storyboard; name = Base; path = Base.lproj/LaunchScreen.storyboard; sourceTree = "<group>"; };
		180915171EA9F3AA001902DD /* Info.plist */ = {isa = PBXFileReference; lastKnownFileType = text.plist.xml; path = Info.plist; sourceTree = "<group>"; };
		1809151C1EA9F3AA001902DD /* YPMovieTests.xctest */ = {isa = PBXFileReference; explicitFileType = wrapper.cfbundle; includeInIndex = 0; path = YPMovieTests.xctest; sourceTree = BUILT_PRODUCTS_DIR; };
		180915201EA9F3AA001902DD /* YPMovieTests.m */ = {isa = PBXFileReference; lastKnownFileType = sourcecode.c.objc; path = YPMovieTests.m; sourceTree = "<group>"; };
		180915221EA9F3AA001902DD /* Info.plist */ = {isa = PBXFileReference; lastKnownFileType = text.plist.xml; path = Info.plist; sourceTree = "<group>"; };
		180915271EA9F3AA001902DD /* YPMovieUITests.xctest */ = {isa = PBXFileReference; explicitFileType = wrapper.cfbundle; includeInIndex = 0; path = YPMovieUITests.xctest; sourceTree = BUILT_PRODUCTS_DIR; };
		1809152B1EA9F3AA001902DD /* YPMovieUITests.m */ = {isa = PBXFileReference; lastKnownFileType = sourcecode.c.objc; path = YPMovieUITests.m; sourceTree = "<group>"; };
		1809152D1EA9F3AA001902DD /* Info.plist */ = {isa = PBXFileReference; lastKnownFileType = text.plist.xml; path = Info.plist; sourceTree = "<group>"; };
		1809154A1EA9F453001902DD /* AppDelegate.h */ = {isa = PBXFileReference; fileEncoding = 4; lastKnownFileType = sourcecode.c.h; path = AppDelegate.h; sourceTree = "<group>"; };
		1809154B1EA9F453001902DD /* AppDelegate.m */ = {isa = PBXFileReference; fileEncoding = 4; lastKnownFileType = sourcecode.c.objc; path = AppDelegate.m; sourceTree = "<group>"; };
		1809154C1EA9F453001902DD /* main.m */ = {isa = PBXFileReference; fileEncoding = 4; lastKnownFileType = sourcecode.c.objc; path = main.m; sourceTree = "<group>"; };
		1809155F1EA9F87A001902DD /* YPMainTabbarViewController.h */ = {isa = PBXFileReference; fileEncoding = 4; lastKnownFileType = sourcecode.c.h; path = YPMainTabbarViewController.h; sourceTree = "<group>"; };
		180915601EA9F87A001902DD /* YPMainTabbarViewController.m */ = {isa = PBXFileReference; fileEncoding = 4; lastKnownFileType = sourcecode.c.objc; path = YPMainTabbarViewController.m; sourceTree = "<group>"; };
		180915621EA9F88D001902DD /* YPMeViewController.h */ = {isa = PBXFileReference; fileEncoding = 4; lastKnownFileType = sourcecode.c.h; path = YPMeViewController.h; sourceTree = "<group>"; };
		180915631EA9F88D001902DD /* YPMeViewController.m */ = {isa = PBXFileReference; fileEncoding = 4; lastKnownFileType = sourcecode.c.objc; path = YPMeViewController.m; sourceTree = "<group>"; };
		180915651EA9F899001902DD /* YPCinemaViewController.h */ = {isa = PBXFileReference; fileEncoding = 4; lastKnownFileType = sourcecode.c.h; path = YPCinemaViewController.h; sourceTree = "<group>"; };
		180915661EA9F899001902DD /* YPCinemaViewController.m */ = {isa = PBXFileReference; fileEncoding = 4; lastKnownFileType = sourcecode.c.objc; path = YPCinemaViewController.m; sourceTree = "<group>"; };
		180915681EA9F8A5001902DD /* YPTicketViewController.h */ = {isa = PBXFileReference; fileEncoding = 4; lastKnownFileType = sourcecode.c.h; path = YPTicketViewController.h; sourceTree = "<group>"; };
		180915691EA9F8A5001902DD /* YPTicketViewController.m */ = {isa = PBXFileReference; fileEncoding = 4; lastKnownFileType = sourcecode.c.objc; path = YPTicketViewController.m; sourceTree = "<group>"; };
		1809156E1EAA05D7001902DD /* YPPCH.pch */ = {isa = PBXFileReference; lastKnownFileType = sourcecode.c.h; path = YPPCH.pch; sourceTree = "<group>"; };
		180915741EAA311A001902DD /* CityData.plist */ = {isa = PBXFileReference; fileEncoding = 4; lastKnownFileType = text.plist.xml; path = CityData.plist; sourceTree = "<group>"; };
		180915751EAA311A001902DD /* TLCity.h */ = {isa = PBXFileReference; fileEncoding = 4; lastKnownFileType = sourcecode.c.h; path = TLCity.h; sourceTree = "<group>"; };
		180915761EAA311A001902DD /* TLCity.m */ = {isa = PBXFileReference; fileEncoding = 4; lastKnownFileType = sourcecode.c.objc; path = TLCity.m; sourceTree = "<group>"; };
		180915771EAA311A001902DD /* TLCityGroupCell.h */ = {isa = PBXFileReference; fileEncoding = 4; lastKnownFileType = sourcecode.c.h; path = TLCityGroupCell.h; sourceTree = "<group>"; };
		180915781EAA311A001902DD /* TLCityGroupCell.m */ = {isa = PBXFileReference; fileEncoding = 4; lastKnownFileType = sourcecode.c.objc; path = TLCityGroupCell.m; sourceTree = "<group>"; };
		180915791EAA311A001902DD /* TLCityHeaderView.h */ = {isa = PBXFileReference; fileEncoding = 4; lastKnownFileType = sourcecode.c.h; path = TLCityHeaderView.h; sourceTree = "<group>"; };
		1809157A1EAA311A001902DD /* TLCityHeaderView.m */ = {isa = PBXFileReference; fileEncoding = 4; lastKnownFileType = sourcecode.c.objc; path = TLCityHeaderView.m; sourceTree = "<group>"; };
		1809157B1EAA311A001902DD /* TLCityPickerController.h */ = {isa = PBXFileReference; fileEncoding = 4; lastKnownFileType = sourcecode.c.h; path = TLCityPickerController.h; sourceTree = "<group>"; };
		1809157C1EAA311A001902DD /* TLCityPickerController.m */ = {isa = PBXFileReference; fileEncoding = 4; lastKnownFileType = sourcecode.c.objc; path = TLCityPickerController.m; sourceTree = "<group>"; };
		1809157D1EAA311A001902DD /* TLCityPickerDelegate.h */ = {isa = PBXFileReference; fileEncoding = 4; lastKnownFileType = sourcecode.c.h; path = TLCityPickerDelegate.h; sourceTree = "<group>"; };
		1809157E1EAA311A001902DD /* TLCityPickerSearchResultController.h */ = {isa = PBXFileReference; fileEncoding = 4; lastKnownFileType = sourcecode.c.h; path = TLCityPickerSearchResultController.h; sourceTree = "<group>"; };
		1809157F1EAA311A001902DD /* TLCityPickerSearchResultController.m */ = {isa = PBXFileReference; fileEncoding = 4; lastKnownFileType = sourcecode.c.objc; path = TLCityPickerSearchResultController.m; sourceTree = "<group>"; };
		180A81451EB8918A00A62946 /* YPHomeDetailViewController.h */ = {isa = PBXFileReference; fileEncoding = 4; lastKnownFileType = sourcecode.c.h; path = YPHomeDetailViewController.h; sourceTree = "<group>"; };
		180A81461EB8918A00A62946 /* YPHomeDetailViewController.m */ = {isa = PBXFileReference; fileEncoding = 4; lastKnownFileType = sourcecode.c.objc; path = YPHomeDetailViewController.m; sourceTree = "<group>"; };
		180A814E1EB8C95F00A62946 /* arrow1.png */ = {isa = PBXFileReference; lastKnownFileType = image.png; path = arrow1.png; sourceTree = "<group>"; };
		180CEC561EB9C26D00CCBC9A /* YPHomeReserveViewController.h */ = {isa = PBXFileReference; fileEncoding = 4; lastKnownFileType = sourcecode.c.h; path = YPHomeReserveViewController.h; sourceTree = "<group>"; };
		180CEC571EB9C26D00CCBC9A /* YPHomeReserveViewController.m */ = {isa = PBXFileReference; fileEncoding = 4; lastKnownFileType = sourcecode.c.objc; path = YPHomeReserveViewController.m; sourceTree = "<group>"; };
		180CEC5A1EBA128700CCBC9A /* seats 0.plist */ = {isa = PBXFileReference; fileEncoding = 4; lastKnownFileType = text.plist.xml; path = "seats 0.plist"; sourceTree = "<group>"; };
		180CEC5B1EBA128700CCBC9A /* seats 1.plist */ = {isa = PBXFileReference; fileEncoding = 4; lastKnownFileType = text.plist.xml; path = "seats 1.plist"; sourceTree = "<group>"; };
		180CEC5C1EBA128700CCBC9A /* seats 2.plist */ = {isa = PBXFileReference; fileEncoding = 4; lastKnownFileType = text.plist.xml; path = "seats 2.plist"; sourceTree = "<group>"; };
		180CEC5D1EBA128700CCBC9A /* seats 3.plist */ = {isa = PBXFileReference; fileEncoding = 4; lastKnownFileType = text.plist.xml; path = "seats 3.plist"; sourceTree = "<group>"; };
		180CEC5E1EBA128700CCBC9A /* seats 4.plist */ = {isa = PBXFileReference; fileEncoding = 4; lastKnownFileType = text.plist.xml; path = "seats 4.plist"; sourceTree = "<group>"; };
		180CEC5F1EBA128700CCBC9A /* UIView+Extension.h */ = {isa = PBXFileReference; fileEncoding = 4; lastKnownFileType = sourcecode.c.h; path = "UIView+Extension.h"; sourceTree = "<group>"; };
		180CEC601EBA128700CCBC9A /* UIView+Extension.m */ = {isa = PBXFileReference; fileEncoding = 4; lastKnownFileType = sourcecode.c.objc; path = "UIView+Extension.m"; sourceTree = "<group>"; };
		180CEC611EBA128700CCBC9A /* ZFAppLogoView.h */ = {isa = PBXFileReference; fileEncoding = 4; lastKnownFileType = sourcecode.c.h; path = ZFAppLogoView.h; sourceTree = "<group>"; };
		180CEC621EBA128700CCBC9A /* ZFAppLogoView.m */ = {isa = PBXFileReference; fileEncoding = 4; lastKnownFileType = sourcecode.c.objc; path = ZFAppLogoView.m; sourceTree = "<group>"; };
		180CEC631EBA128700CCBC9A /* ZFCenterLineView.h */ = {isa = PBXFileReference; fileEncoding = 4; lastKnownFileType = sourcecode.c.h; path = ZFCenterLineView.h; sourceTree = "<group>"; };
		180CEC641EBA128700CCBC9A /* ZFCenterLineView.m */ = {isa = PBXFileReference; fileEncoding = 4; lastKnownFileType = sourcecode.c.objc; path = ZFCenterLineView.m; sourceTree = "<group>"; };
		180CEC651EBA128700CCBC9A /* ZFHallLogoView.h */ = {isa = PBXFileReference; fileEncoding = 4; lastKnownFileType = sourcecode.c.h; path = ZFHallLogoView.h; sourceTree = "<group>"; };
		180CEC661EBA128700CCBC9A /* ZFHallLogoView.m */ = {isa = PBXFileReference; fileEncoding = 4; lastKnownFileType = sourcecode.c.objc; path = ZFHallLogoView.m; sourceTree = "<group>"; };
		180CEC671EBA128700CCBC9A /* ZFIndicatorView.h */ = {isa = PBXFileReference; fileEncoding = 4; lastKnownFileType = sourcecode.c.h; path = ZFIndicatorView.h; sourceTree = "<group>"; };
		180CEC681EBA128700CCBC9A /* ZFIndicatorView.m */ = {isa = PBXFileReference; fileEncoding = 4; lastKnownFileType = sourcecode.c.objc; path = ZFIndicatorView.m; sourceTree = "<group>"; };
		180CEC691EBA128700CCBC9A /* ZFRowIndexView.h */ = {isa = PBXFileReference; fileEncoding = 4; lastKnownFileType = sourcecode.c.h; path = ZFRowIndexView.h; sourceTree = "<group>"; };
		180CEC6A1EBA128700CCBC9A /* ZFRowIndexView.m */ = {isa = PBXFileReference; fileEncoding = 4; lastKnownFileType = sourcecode.c.objc; path = ZFRowIndexView.m; sourceTree = "<group>"; };
		180CEC6B1EBA128700CCBC9A /* ZFSeatButton.h */ = {isa = PBXFileReference; fileEncoding = 4; lastKnownFileType = sourcecode.c.h; path = ZFSeatButton.h; sourceTree = "<group>"; };
		180CEC6C1EBA128700CCBC9A /* ZFSeatButton.m */ = {isa = PBXFileReference; fileEncoding = 4; lastKnownFileType = sourcecode.c.objc; path = ZFSeatButton.m; sourceTree = "<group>"; };
		180CEC6D1EBA128700CCBC9A /* ZFSeatModel.h */ = {isa = PBXFileReference; fileEncoding = 4; lastKnownFileType = sourcecode.c.h; path = ZFSeatModel.h; sourceTree = "<group>"; };
		180CEC6E1EBA128700CCBC9A /* ZFSeatModel.m */ = {isa = PBXFileReference; fileEncoding = 4; lastKnownFileType = sourcecode.c.objc; path = ZFSeatModel.m; sourceTree = "<group>"; };
		180CEC6F1EBA128700CCBC9A /* ZFSeatSelectionConfig.h */ = {isa = PBXFileReference; fileEncoding = 4; lastKnownFileType = sourcecode.c.h; path = ZFSeatSelectionConfig.h; sourceTree = "<group>"; };
		180CEC701EBA128700CCBC9A /* ZFSeatSelectionTool.h */ = {isa = PBXFileReference; fileEncoding = 4; lastKnownFileType = sourcecode.c.h; path = ZFSeatSelectionTool.h; sourceTree = "<group>"; };
		180CEC711EBA128700CCBC9A /* ZFSeatSelectionTool.m */ = {isa = PBXFileReference; fileEncoding = 4; lastKnownFileType = sourcecode.c.objc; path = ZFSeatSelectionTool.m; sourceTree = "<group>"; };
		180CEC721EBA128700CCBC9A /* ZFSeatSelectionView.h */ = {isa = PBXFileReference; fileEncoding = 4; lastKnownFileType = sourcecode.c.h; path = ZFSeatSelectionView.h; sourceTree = "<group>"; };
		180CEC731EBA128700CCBC9A /* ZFSeatSelectionView.m */ = {isa = PBXFileReference; fileEncoding = 4; lastKnownFileType = sourcecode.c.objc; path = ZFSeatSelectionView.m; sourceTree = "<group>"; };
		180CEC741EBA128700CCBC9A /* ZFSeatsModel.h */ = {isa = PBXFileReference; fileEncoding = 4; lastKnownFileType = sourcecode.c.h; path = ZFSeatsModel.h; sourceTree = "<group>"; };
		180CEC751EBA128700CCBC9A /* ZFSeatsModel.m */ = {isa = PBXFileReference; fileEncoding = 4; lastKnownFileType = sourcecode.c.objc; path = ZFSeatsModel.m; sourceTree = "<group>"; };
		180CEC761EBA128700CCBC9A /* ZFSeatsView.h */ = {isa = PBXFileReference; fileEncoding = 4; lastKnownFileType = sourcecode.c.h; path = ZFSeatsView.h; sourceTree = "<group>"; };
		180CEC771EBA128700CCBC9A /* ZFSeatsView.m */ = {isa = PBXFileReference; fileEncoding = 4; lastKnownFileType = sourcecode.c.objc; path = ZFSeatsView.m; sourceTree = "<group>"; };
		180CEC891EBA144000CCBC9A /* MBProgressHUD.h */ = {isa = PBXFileReference; fileEncoding = 4; lastKnownFileType = sourcecode.c.h; path = MBProgressHUD.h; sourceTree = "<group>"; };
		180CEC8A1EBA144000CCBC9A /* MBProgressHUD.m */ = {isa = PBXFileReference; fileEncoding = 4; lastKnownFileType = sourcecode.c.objc; path = MBProgressHUD.m; sourceTree = "<group>"; };
		180CEC8C1EBA212D00CCBC9A /* shopping.png */ = {isa = PBXFileReference; lastKnownFileType = image.png; path = shopping.png; sourceTree = "<group>"; };
		185ED9B01EB739C8003FE101 /* YPHomeTableViewCell.h */ = {isa = PBXFileReference; fileEncoding = 4; lastKnownFileType = sourcecode.c.h; path = YPHomeTableViewCell.h; sourceTree = "<group>"; };
		185ED9B11EB739C8003FE101 /* YPHomeTableViewCell.m */ = {isa = PBXFileReference; fileEncoding = 4; lastKnownFileType = sourcecode.c.objc; path = YPHomeTableViewCell.m; sourceTree = "<group>"; };
		185ED9B31EB78513003FE101 /* YPHomeSectionTableViewCell.h */ = {isa = PBXFileReference; fileEncoding = 4; lastKnownFileType = sourcecode.c.h; path = YPHomeSectionTableViewCell.h; sourceTree = "<group>"; };
		185ED9B41EB78513003FE101 /* YPHomeSectionTableViewCell.m */ = {isa = PBXFileReference; fileEncoding = 4; lastKnownFileType = sourcecode.c.objc; path = YPHomeSectionTableViewCell.m; sourceTree = "<group>"; };
		185ED9B61EB78D85003FE101 /* topic.png */ = {isa = PBXFileReference; lastKnownFileType = image.png; path = topic.png; sourceTree = "<group>"; };
		18E692521EB37C7600FAA646 /* YPData.json */ = {isa = PBXFileReference; fileEncoding = 4; lastKnownFileType = text.json; path = YPData.json; sourceTree = "<group>"; };
		6C711BAA6E2347D3AFFE2442 /* libPods-YPMovie.a */ = {isa = PBXFileReference; explicitFileType = archive.ar; includeInIndex = 0; path = "libPods-YPMovie.a"; sourceTree = BUILT_PRODUCTS_DIR; };
		7F813589EF0B2F5DDBC0BE24 /* Pods-YPMovie.release.xcconfig */ = {isa = PBXFileReference; includeInIndex = 1; lastKnownFileType = text.xcconfig; name = "Pods-YPMovie.release.xcconfig"; path = "Pods/Target Support Files/Pods-YPMovie/Pods-YPMovie.release.xcconfig"; sourceTree = "<group>"; };
		88C3C1A68A7A8659A99C9C7F /* Pods-YPMovie.debug.xcconfig */ = {isa = PBXFileReference; includeInIndex = 1; lastKnownFileType = text.xcconfig; name = "Pods-YPMovie.debug.xcconfig"; path = "Pods/Target Support Files/Pods-YPMovie/Pods-YPMovie.debug.xcconfig"; sourceTree = "<group>"; };
/* End PBXFileReference section */

/* Begin PBXFrameworksBuildPhase section */
		180915001EA9F3AA001902DD /* Frameworks */ = {
			isa = PBXFrameworksBuildPhase;
			buildActionMask = 2147483647;
			files = (
				1807BF911EADFA19003AD969 /* CoreLocation.framework in Frameworks */,
				1B2DB8E46D7C5A70AE7206B4 /* libPods-YPMovie.a in Frameworks */,
			);
			runOnlyForDeploymentPostprocessing = 0;
		};
		180915191EA9F3AA001902DD /* Frameworks */ = {
			isa = PBXFrameworksBuildPhase;
			buildActionMask = 2147483647;
			files = (
			);
			runOnlyForDeploymentPostprocessing = 0;
		};
		180915241EA9F3AA001902DD /* Frameworks */ = {
			isa = PBXFrameworksBuildPhase;
			buildActionMask = 2147483647;
			files = (
			);
			runOnlyForDeploymentPostprocessing = 0;
		};
/* End PBXFrameworksBuildPhase section */

/* Begin PBXGroup section */
		1806F8251EB3769500FE0E07 /* control */ = {
			isa = PBXGroup;
			children = (
				1806F8261EB3769500FE0E07 /* YPHomeViewController.h */,
				1806F8271EB3769500FE0E07 /* YPHomeViewController.m */,
				180A81451EB8918A00A62946 /* YPHomeDetailViewController.h */,
				180A81461EB8918A00A62946 /* YPHomeDetailViewController.m */,
				180CEC561EB9C26D00CCBC9A /* YPHomeReserveViewController.h */,
				180CEC571EB9C26D00CCBC9A /* YPHomeReserveViewController.m */,
			);
			path = control;
			sourceTree = "<group>";
		};
		180914FA1EA9F3AA001902DD = {
			isa = PBXGroup;
			children = (
				180915051EA9F3AA001902DD /* YPMovie */,
				1809151F1EA9F3AA001902DD /* YPMovieTests */,
				1809152A1EA9F3AA001902DD /* YPMovieUITests */,
				180915041EA9F3AA001902DD /* Products */,
				E8427B2D05EC599A2B14D7AE /* Pods */,
				9B420357A25F6D75DBD6E241 /* Frameworks */,
			);
			sourceTree = "<group>";
		};
		180915041EA9F3AA001902DD /* Products */ = {
			isa = PBXGroup;
			children = (
				180915031EA9F3AA001902DD /* YPMovie.app */,
				1809151C1EA9F3AA001902DD /* YPMovieTests.xctest */,
				180915271EA9F3AA001902DD /* YPMovieUITests.xctest */,
			);
			name = Products;
			sourceTree = "<group>";
		};
		180915051EA9F3AA001902DD /* YPMovie */ = {
			isa = PBXGroup;
			children = (
				180915721EAA310B001902DD /* Libs */,
				180915411EA9F453001902DD /* Main */,
				180915451EA9F453001902DD /* Me */,
				180915391EA9F453001902DD /* Cinema */,
				1809154D1EA9F453001902DD /* Ticket */,
				1809153D1EA9F453001902DD /* Home */,
				180915491EA9F453001902DD /* Other */,
				180915061EA9F3AA001902DD /* Supporting Files */,
			);
			path = YPMovie;
			sourceTree = "<group>";
		};
		180915061EA9F3AA001902DD /* Supporting Files */ = {
			isa = PBXGroup;
			children = (
				180CEC8C1EBA212D00CCBC9A /* shopping.png */,
				180A814E1EB8C95F00A62946 /* arrow1.png */,
				180665EE1EB8622500D6BF1C /* arrow.png */,
				185ED9B61EB78D85003FE101 /* topic.png */,
				18068DE71EB5F158004B255E /* background.png */,
				1809150F1EA9F3AA001902DD /* Main.storyboard */,
				180915121EA9F3AA001902DD /* Assets.xcassets */,
				180915141EA9F3AA001902DD /* LaunchScreen.storyboard */,
				180915171EA9F3AA001902DD /* Info.plist */,
				1809156E1EAA05D7001902DD /* YPPCH.pch */,
				18E692521EB37C7600FAA646 /* YPData.json */,
			);
			name = "Supporting Files";
			sourceTree = "<group>";
		};
		1809151F1EA9F3AA001902DD /* YPMovieTests */ = {
			isa = PBXGroup;
			children = (
				180915201EA9F3AA001902DD /* YPMovieTests.m */,
				180915221EA9F3AA001902DD /* Info.plist */,
			);
			path = YPMovieTests;
			sourceTree = "<group>";
		};
		1809152A1EA9F3AA001902DD /* YPMovieUITests */ = {
			isa = PBXGroup;
			children = (
				1809152B1EA9F3AA001902DD /* YPMovieUITests.m */,
				1809152D1EA9F3AA001902DD /* Info.plist */,
			);
			path = YPMovieUITests;
			sourceTree = "<group>";
		};
		180915391EA9F453001902DD /* Cinema */ = {
			isa = PBXGroup;
			children = (
				1809153A1EA9F453001902DD /* contriller */,
				1809153B1EA9F453001902DD /* model */,
				1809153C1EA9F453001902DD /* view */,
			);
			path = Cinema;
			sourceTree = "<group>";
		};
		1809153A1EA9F453001902DD /* contriller */ = {
			isa = PBXGroup;
			children = (
				180915651EA9F899001902DD /* YPCinemaViewController.h */,
				180915661EA9F899001902DD /* YPCinemaViewController.m */,
			);
			path = contriller;
			sourceTree = "<group>";
		};
		1809153B1EA9F453001902DD /* model */ = {
			isa = PBXGroup;
			children = (
			);
			path = model;
			sourceTree = "<group>";
		};
		1809153C1EA9F453001902DD /* view */ = {
			isa = PBXGroup;
			children = (
			);
			path = view;
			sourceTree = "<group>";
		};
		1809153D1EA9F453001902DD /* Home */ = {
			isa = PBXGroup;
			children = (
				1806F8251EB3769500FE0E07 /* control */,
				1809153F1EA9F453001902DD /* model */,
				180915401EA9F453001902DD /* view */,
			);
			path = Home;
			sourceTree = "<group>";
		};
		1809153F1EA9F453001902DD /* model */ = {
			isa = PBXGroup;
			children = (
				18068DE21EB5DC29004B255E /* YPHomeModel.h */,
				18068DE31EB5DC29004B255E /* YPHomeModel.m */,
			);
			path = model;
			sourceTree = "<group>";
		};
		180915401EA9F453001902DD /* view */ = {
			isa = PBXGroup;
			children = (
				1806D0B31EB0C8A300FA9005 /* YPHomeBannerView.h */,
				1806D0B41EB0C8A300FA9005 /* YPHomeBannerView.m */,
				185ED9B01EB739C8003FE101 /* YPHomeTableViewCell.h */,
				185ED9B11EB739C8003FE101 /* YPHomeTableViewCell.m */,
				185ED9B31EB78513003FE101 /* YPHomeSectionTableViewCell.h */,
				185ED9B41EB78513003FE101 /* YPHomeSectionTableViewCell.m */,
			);
			path = view;
			sourceTree = "<group>";
		};
		180915411EA9F453001902DD /* Main */ = {
			isa = PBXGroup;
			children = (
				180915421EA9F453001902DD /* contriller */,
				180915431EA9F453001902DD /* model */,
				180915441EA9F453001902DD /* view */,
			);
			path = Main;
			sourceTree = "<group>";
		};
		180915421EA9F453001902DD /* contriller */ = {
			isa = PBXGroup;
			children = (
				1809155F1EA9F87A001902DD /* YPMainTabbarViewController.h */,
				180915601EA9F87A001902DD /* YPMainTabbarViewController.m */,
			);
			path = contriller;
			sourceTree = "<group>";
		};
		180915431EA9F453001902DD /* model */ = {
			isa = PBXGroup;
			children = (
			);
			path = model;
			sourceTree = "<group>";
		};
		180915441EA9F453001902DD /* view */ = {
			isa = PBXGroup;
			children = (
			);
			path = view;
			sourceTree = "<group>";
		};
		180915451EA9F453001902DD /* Me */ = {
			isa = PBXGroup;
			children = (
				180915461EA9F453001902DD /* contriller */,
				180915471EA9F453001902DD /* model */,
				180915481EA9F453001902DD /* view */,
			);
			path = Me;
			sourceTree = "<group>";
		};
		180915461EA9F453001902DD /* contriller */ = {
			isa = PBXGroup;
			children = (
				180915621EA9F88D001902DD /* YPMeViewController.h */,
				180915631EA9F88D001902DD /* YPMeViewController.m */,
			);
			path = contriller;
			sourceTree = "<group>";
		};
		180915471EA9F453001902DD /* model */ = {
			isa = PBXGroup;
			children = (
			);
			path = model;
			sourceTree = "<group>";
		};
		180915481EA9F453001902DD /* view */ = {
			isa = PBXGroup;
			children = (
			);
			path = view;
			sourceTree = "<group>";
		};
		180915491EA9F453001902DD /* Other */ = {
			isa = PBXGroup;
			children = (
				1809154A1EA9F453001902DD /* AppDelegate.h */,
				1809154B1EA9F453001902DD /* AppDelegate.m */,
				1809154C1EA9F453001902DD /* main.m */,
			);
			path = Other;
			sourceTree = "<group>";
		};
		1809154D1EA9F453001902DD /* Ticket */ = {
			isa = PBXGroup;
			children = (
				1809154E1EA9F453001902DD /* contriller */,
				1809154F1EA9F453001902DD /* model */,
				180915501EA9F453001902DD /* view */,
			);
			path = Ticket;
			sourceTree = "<group>";
		};
		1809154E1EA9F453001902DD /* contriller */ = {
			isa = PBXGroup;
			children = (
				180915681EA9F8A5001902DD /* YPTicketViewController.h */,
				180915691EA9F8A5001902DD /* YPTicketViewController.m */,
			);
			path = contriller;
			sourceTree = "<group>";
		};
		1809154F1EA9F453001902DD /* model */ = {
			isa = PBXGroup;
			children = (
			);
			path = model;
			sourceTree = "<group>";
		};
		180915501EA9F453001902DD /* view */ = {
			isa = PBXGroup;
			children = (
			);
			path = view;
			sourceTree = "<group>";
		};
		180915721EAA310B001902DD /* Libs */ = {
			isa = PBXGroup;
			children = (
				180CEC591EBA128700CCBC9A /* ZFSeats */,
				180915731EAA311A001902DD /* TLCityPicker */,
			);
			path = Libs;
			sourceTree = "<group>";
		};
		180915731EAA311A001902DD /* TLCityPicker */ = {
			isa = PBXGroup;
			children = (
				180915741EAA311A001902DD /* CityData.plist */,
				180915751EAA311A001902DD /* TLCity.h */,
				180915761EAA311A001902DD /* TLCity.m */,
				180915771EAA311A001902DD /* TLCityGroupCell.h */,
				180915781EAA311A001902DD /* TLCityGroupCell.m */,
				180915791EAA311A001902DD /* TLCityHeaderView.h */,
				1809157A1EAA311A001902DD /* TLCityHeaderView.m */,
				1809157B1EAA311A001902DD /* TLCityPickerController.h */,
				1809157C1EAA311A001902DD /* TLCityPickerController.m */,
				1809157D1EAA311A001902DD /* TLCityPickerDelegate.h */,
				1809157E1EAA311A001902DD /* TLCityPickerSearchResultController.h */,
				1809157F1EAA311A001902DD /* TLCityPickerSearchResultController.m */,
			);
			path = TLCityPicker;
			sourceTree = "<group>";
		};
		180CEC591EBA128700CCBC9A /* ZFSeats */ = {
			isa = PBXGroup;
			children = (
				180CEC5A1EBA128700CCBC9A /* seats 0.plist */,
				180CEC5B1EBA128700CCBC9A /* seats 1.plist */,
				180CEC5C1EBA128700CCBC9A /* seats 2.plist */,
				180CEC5D1EBA128700CCBC9A /* seats 3.plist */,
				180CEC5E1EBA128700CCBC9A /* seats 4.plist */,
				180CEC5F1EBA128700CCBC9A /* UIView+Extension.h */,
				180CEC601EBA128700CCBC9A /* UIView+Extension.m */,
				180CEC611EBA128700CCBC9A /* ZFAppLogoView.h */,
				180CEC621EBA128700CCBC9A /* ZFAppLogoView.m */,
				180CEC631EBA128700CCBC9A /* ZFCenterLineView.h */,
				180CEC641EBA128700CCBC9A /* ZFCenterLineView.m */,
				180CEC651EBA128700CCBC9A /* ZFHallLogoView.h */,
				180CEC661EBA128700CCBC9A /* ZFHallLogoView.m */,
				180CEC671EBA128700CCBC9A /* ZFIndicatorView.h */,
				180CEC681EBA128700CCBC9A /* ZFIndicatorView.m */,
				180CEC691EBA128700CCBC9A /* ZFRowIndexView.h */,
				180CEC6A1EBA128700CCBC9A /* ZFRowIndexView.m */,
				180CEC6B1EBA128700CCBC9A /* ZFSeatButton.h */,
				180CEC6C1EBA128700CCBC9A /* ZFSeatButton.m */,
				180CEC6D1EBA128700CCBC9A /* ZFSeatModel.h */,
				180CEC6E1EBA128700CCBC9A /* ZFSeatModel.m */,
				180CEC6F1EBA128700CCBC9A /* ZFSeatSelectionConfig.h */,
				180CEC701EBA128700CCBC9A /* ZFSeatSelectionTool.h */,
				180CEC711EBA128700CCBC9A /* ZFSeatSelectionTool.m */,
				180CEC721EBA128700CCBC9A /* ZFSeatSelectionView.h */,
				180CEC731EBA128700CCBC9A /* ZFSeatSelectionView.m */,
				180CEC741EBA128700CCBC9A /* ZFSeatsModel.h */,
				180CEC751EBA128700CCBC9A /* ZFSeatsModel.m */,
				180CEC761EBA128700CCBC9A /* ZFSeatsView.h */,
				180CEC771EBA128700CCBC9A /* ZFSeatsView.m */,
				180CEC891EBA144000CCBC9A /* MBProgressHUD.h */,
				180CEC8A1EBA144000CCBC9A /* MBProgressHUD.m */,
			);
			path = ZFSeats;
			sourceTree = "<group>";
		};
		9B420357A25F6D75DBD6E241 /* Frameworks */ = {
			isa = PBXGroup;
			children = (
				1807BF901EADFA19003AD969 /* CoreLocation.framework */,
				6C711BAA6E2347D3AFFE2442 /* libPods-YPMovie.a */,
			);
			name = Frameworks;
			sourceTree = "<group>";
		};
		E8427B2D05EC599A2B14D7AE /* Pods */ = {
			isa = PBXGroup;
			children = (
				88C3C1A68A7A8659A99C9C7F /* Pods-YPMovie.debug.xcconfig */,
				7F813589EF0B2F5DDBC0BE24 /* Pods-YPMovie.release.xcconfig */,
			);
			name = Pods;
			sourceTree = "<group>";
		};
/* End PBXGroup section */

/* Begin PBXNativeTarget section */
		180915021EA9F3AA001902DD /* YPMovie */ = {
			isa = PBXNativeTarget;
			buildConfigurationList = 180915301EA9F3AA001902DD /* Build configuration list for PBXNativeTarget "YPMovie" */;
			buildPhases = (
				AA85CA083C5AC83412DB0500 /* [CP] Check Pods Manifest.lock */,
				180914FF1EA9F3AA001902DD /* Sources */,
				180915001EA9F3AA001902DD /* Frameworks */,
				180915011EA9F3AA001902DD /* Resources */,
				8B593C29D31B0C852FF72579 /* [CP] Embed Pods Frameworks */,
				6D860E3962812F534F245EAA /* [CP] Copy Pods Resources */,
			);
			buildRules = (
			);
			dependencies = (
			);
			name = YPMovie;
			productName = YPMovie;
			productReference = 180915031EA9F3AA001902DD /* YPMovie.app */;
			productType = "com.apple.product-type.application";
		};
		1809151B1EA9F3AA001902DD /* YPMovieTests */ = {
			isa = PBXNativeTarget;
			buildConfigurationList = 180915331EA9F3AA001902DD /* Build configuration list for PBXNativeTarget "YPMovieTests" */;
			buildPhases = (
				180915181EA9F3AA001902DD /* Sources */,
				180915191EA9F3AA001902DD /* Frameworks */,
				1809151A1EA9F3AA001902DD /* Resources */,
			);
			buildRules = (
			);
			dependencies = (
				1809151E1EA9F3AA001902DD /* PBXTargetDependency */,
			);
			name = YPMovieTests;
			productName = YPMovieTests;
			productReference = 1809151C1EA9F3AA001902DD /* YPMovieTests.xctest */;
			productType = "com.apple.product-type.bundle.unit-test";
		};
		180915261EA9F3AA001902DD /* YPMovieUITests */ = {
			isa = PBXNativeTarget;
			buildConfigurationList = 180915361EA9F3AA001902DD /* Build configuration list for PBXNativeTarget "YPMovieUITests" */;
			buildPhases = (
				180915231EA9F3AA001902DD /* Sources */,
				180915241EA9F3AA001902DD /* Frameworks */,
				180915251EA9F3AA001902DD /* Resources */,
			);
			buildRules = (
			);
			dependencies = (
				180915291EA9F3AA001902DD /* PBXTargetDependency */,
			);
			name = YPMovieUITests;
			productName = YPMovieUITests;
			productReference = 180915271EA9F3AA001902DD /* YPMovieUITests.xctest */;
			productType = "com.apple.product-type.bundle.ui-testing";
		};
/* End PBXNativeTarget section */

/* Begin PBXProject section */
		180914FB1EA9F3AA001902DD /* Project object */ = {
			isa = PBXProject;
			attributes = {
				LastUpgradeCheck = 0810;
				ORGANIZATIONNAME = SP;
				TargetAttributes = {
					180915021EA9F3AA001902DD = {
						CreatedOnToolsVersion = 8.1;
						DevelopmentTeam = KCYZH97276;
						ProvisioningStyle = Automatic;
						SystemCapabilities = {
							com.apple.BackgroundModes = {
								enabled = 1;
							};
						};
					};
					1809151B1EA9F3AA001902DD = {
						CreatedOnToolsVersion = 8.1;
						DevelopmentTeam = KCYZH97276;
						ProvisioningStyle = Automatic;
						TestTargetID = 180915021EA9F3AA001902DD;
					};
					180915261EA9F3AA001902DD = {
						CreatedOnToolsVersion = 8.1;
						DevelopmentTeam = KCYZH97276;
						ProvisioningStyle = Automatic;
						TestTargetID = 180915021EA9F3AA001902DD;
					};
				};
			};
			buildConfigurationList = 180914FE1EA9F3AA001902DD /* Build configuration list for PBXProject "YPMovie" */;
			compatibilityVersion = "Xcode 3.2";
			developmentRegion = English;
			hasScannedForEncodings = 0;
			knownRegions = (
				en,
				Base,
			);
			mainGroup = 180914FA1EA9F3AA001902DD;
			productRefGroup = 180915041EA9F3AA001902DD /* Products */;
			projectDirPath = "";
			projectRoot = "";
			targets = (
				180915021EA9F3AA001902DD /* YPMovie */,
				1809151B1EA9F3AA001902DD /* YPMovieTests */,
				180915261EA9F3AA001902DD /* YPMovieUITests */,
			);
		};
/* End PBXProject section */

/* Begin PBXResourcesBuildPhase section */
		180915011EA9F3AA001902DD /* Resources */ = {
			isa = PBXResourcesBuildPhase;
			buildActionMask = 2147483647;
			files = (
				180CEC791EBA128700CCBC9A /* seats 1.plist in Resources */,
				180915161EA9F3AA001902DD /* LaunchScreen.storyboard in Resources */,
				180CEC781EBA128700CCBC9A /* seats 0.plist in Resources */,
				180A814F1EB8C95F00A62946 /* arrow1.png in Resources */,
				18068DE81EB5F158004B255E /* background.png in Resources */,
				185ED9B71EB78D85003FE101 /* topic.png in Resources */,
				180915131EA9F3AA001902DD /* Assets.xcassets in Resources */,
				180CEC7C1EBA128700CCBC9A /* seats 4.plist in Resources */,
				180CEC8D1EBA212D00CCBC9A /* shopping.png in Resources */,
				180915111EA9F3AA001902DD /* Main.storyboard in Resources */,
				18E692531EB37C7600FAA646 /* YPData.json in Resources */,
				180CEC7A1EBA128700CCBC9A /* seats 2.plist in Resources */,
				180915801EAA311A001902DD /* CityData.plist in Resources */,
				180665EF1EB8622500D6BF1C /* arrow.png in Resources */,
				180CEC7B1EBA128700CCBC9A /* seats 3.plist in Resources */,
			);
			runOnlyForDeploymentPostprocessing = 0;
		};
		1809151A1EA9F3AA001902DD /* Resources */ = {
			isa = PBXResourcesBuildPhase;
			buildActionMask = 2147483647;
			files = (
			);
			runOnlyForDeploymentPostprocessing = 0;
		};
		180915251EA9F3AA001902DD /* Resources */ = {
			isa = PBXResourcesBuildPhase;
			buildActionMask = 2147483647;
			files = (
			);
			runOnlyForDeploymentPostprocessing = 0;
		};
/* End PBXResourcesBuildPhase section */

/* Begin PBXShellScriptBuildPhase section */
		6D860E3962812F534F245EAA /* [CP] Copy Pods Resources */ = {
			isa = PBXShellScriptBuildPhase;
			buildActionMask = 2147483647;
			files = (
			);
			inputPaths = (
			);
			name = "[CP] Copy Pods Resources";
			outputPaths = (
			);
			runOnlyForDeploymentPostprocessing = 0;
			shellPath = /bin/sh;
			shellScript = "\"${SRCROOT}/Pods/Target Support Files/Pods-YPMovie/Pods-YPMovie-resources.sh\"\n";
			showEnvVarsInLog = 0;
		};
		8B593C29D31B0C852FF72579 /* [CP] Embed Pods Frameworks */ = {
			isa = PBXShellScriptBuildPhase;
			buildActionMask = 2147483647;
			files = (
			);
			inputPaths = (
			);
			name = "[CP] Embed Pods Frameworks";
			outputPaths = (
			);
			runOnlyForDeploymentPostprocessing = 0;
			shellPath = /bin/sh;
			shellScript = "\"${SRCROOT}/Pods/Target Support Files/Pods-YPMovie/Pods-YPMovie-frameworks.sh\"\n";
			showEnvVarsInLog = 0;
		};
		AA85CA083C5AC83412DB0500 /* [CP] Check Pods Manifest.lock */ = {
			isa = PBXShellScriptBuildPhase;
			buildActionMask = 2147483647;
			files = (
			);
			inputPaths = (
			);
			name = "[CP] Check Pods Manifest.lock";
			outputPaths = (
			);
			runOnlyForDeploymentPostprocessing = 0;
			shellPath = /bin/sh;
			shellScript = "diff \"${PODS_ROOT}/../Podfile.lock\" \"${PODS_ROOT}/Manifest.lock\" > /dev/null\nif [ $? != 0 ] ; then\n    # print error to STDERR\n    echo \"error: The sandbox is not in sync with the Podfile.lock. Run 'pod install' or update your CocoaPods installation.\" >&2\n    exit 1\nfi\n";
			showEnvVarsInLog = 0;
		};
/* End PBXShellScriptBuildPhase section */

/* Begin PBXSourcesBuildPhase section */
		180914FF1EA9F3AA001902DD /* Sources */ = {
			isa = PBXSourcesBuildPhase;
			buildActionMask = 2147483647;
			files = (
				180CEC7F1EBA128700CCBC9A /* ZFCenterLineView.m in Sources */,
				180915821EAA311A001902DD /* TLCityGroupCell.m in Sources */,
				180CEC811EBA128700CCBC9A /* ZFIndicatorView.m in Sources */,
				185ED9B51EB78513003FE101 /* YPHomeSectionTableViewCell.m in Sources */,
				180915671EA9F899001902DD /* YPCinemaViewController.m in Sources */,
				180CEC7E1EBA128700CCBC9A /* ZFAppLogoView.m in Sources */,
				180CEC581EB9C26D00CCBC9A /* YPHomeReserveViewController.m in Sources */,
				180CEC881EBA128700CCBC9A /* ZFSeatsView.m in Sources */,
				180CEC801EBA128700CCBC9A /* ZFHallLogoView.m in Sources */,
				180915841EAA311A001902DD /* TLCityPickerController.m in Sources */,
				1806D0B51EB0C8A300FA9005 /* YPHomeBannerView.m in Sources */,
				180CEC871EBA128700CCBC9A /* ZFSeatsModel.m in Sources */,
				180CEC7D1EBA128700CCBC9A /* UIView+Extension.m in Sources */,
				180915521EA9F453001902DD /* main.m in Sources */,
				180915641EA9F88D001902DD /* YPMeViewController.m in Sources */,
				180CEC851EBA128700CCBC9A /* ZFSeatSelectionTool.m in Sources */,
				180915851EAA311A001902DD /* TLCityPickerSearchResultController.m in Sources */,
				180CEC821EBA128700CCBC9A /* ZFRowIndexView.m in Sources */,
				1809156A1EA9F8A5001902DD /* YPTicketViewController.m in Sources */,
				1806F8281EB3769500FE0E07 /* YPHomeViewController.m in Sources */,
				180915511EA9F453001902DD /* AppDelegate.m in Sources */,
				185ED9B21EB739C8003FE101 /* YPHomeTableViewCell.m in Sources */,
				180CEC8B1EBA144000CCBC9A /* MBProgressHUD.m in Sources */,
				180915811EAA311A001902DD /* TLCity.m in Sources */,
				180915831EAA311A001902DD /* TLCityHeaderView.m in Sources */,
				180CEC861EBA128700CCBC9A /* ZFSeatSelectionView.m in Sources */,
				180CEC831EBA128700CCBC9A /* ZFSeatButton.m in Sources */,
				180CEC841EBA128700CCBC9A /* ZFSeatModel.m in Sources */,
				180915611EA9F87A001902DD /* YPMainTabbarViewController.m in Sources */,
				180A81471EB8918A00A62946 /* YPHomeDetailViewController.m in Sources */,
				18068DE41EB5DC29004B255E /* YPHomeModel.m in Sources */,
			);
			runOnlyForDeploymentPostprocessing = 0;
		};
		180915181EA9F3AA001902DD /* Sources */ = {
			isa = PBXSourcesBuildPhase;
			buildActionMask = 2147483647;
			files = (
				180915211EA9F3AA001902DD /* YPMovieTests.m in Sources */,
			);
			runOnlyForDeploymentPostprocessing = 0;
		};
		180915231EA9F3AA001902DD /* Sources */ = {
			isa = PBXSourcesBuildPhase;
			buildActionMask = 2147483647;
			files = (
				1809152C1EA9F3AA001902DD /* YPMovieUITests.m in Sources */,
			);
			runOnlyForDeploymentPostprocessing = 0;
		};
/* End PBXSourcesBuildPhase section */

/* Begin PBXTargetDependency section */
		1809151E1EA9F3AA001902DD /* PBXTargetDependency */ = {
			isa = PBXTargetDependency;
			target = 180915021EA9F3AA001902DD /* YPMovie */;
			targetProxy = 1809151D1EA9F3AA001902DD /* PBXContainerItemProxy */;
		};
		180915291EA9F3AA001902DD /* PBXTargetDependency */ = {
			isa = PBXTargetDependency;
			target = 180915021EA9F3AA001902DD /* YPMovie */;
			targetProxy = 180915281EA9F3AA001902DD /* PBXContainerItemProxy */;
		};
/* End PBXTargetDependency section */

/* Begin PBXVariantGroup section */
		1809150F1EA9F3AA001902DD /* Main.storyboard */ = {
			isa = PBXVariantGroup;
			children = (
				180915101EA9F3AA001902DD /* Base */,
			);
			name = Main.storyboard;
			sourceTree = "<group>";
		};
		180915141EA9F3AA001902DD /* LaunchScreen.storyboard */ = {
			isa = PBXVariantGroup;
			children = (
				180915151EA9F3AA001902DD /* Base */,
			);
			name = LaunchScreen.storyboard;
			sourceTree = "<group>";
		};
/* End PBXVariantGroup section */

/* Begin XCBuildConfiguration section */
		1809152E1EA9F3AA001902DD /* Debug */ = {
			isa = XCBuildConfiguration;
			buildSettings = {
				ALWAYS_SEARCH_USER_PATHS = NO;
				CLANG_ANALYZER_NONNULL = YES;
				CLANG_CXX_LANGUAGE_STANDARD = "gnu++0x";
				CLANG_CXX_LIBRARY = "libc++";
				CLANG_ENABLE_MODULES = YES;
				CLANG_ENABLE_OBJC_ARC = YES;
				CLANG_WARN_BOOL_CONVERSION = YES;
				CLANG_WARN_CONSTANT_CONVERSION = YES;
				CLANG_WARN_DIRECT_OBJC_ISA_USAGE = YES_ERROR;
				CLANG_WARN_DOCUMENTATION_COMMENTS = YES;
				CLANG_WARN_EMPTY_BODY = YES;
				CLANG_WARN_ENUM_CONVERSION = YES;
				CLANG_WARN_INFINITE_RECURSION = YES;
				CLANG_WARN_INT_CONVERSION = YES;
				CLANG_WARN_OBJC_ROOT_CLASS = YES_ERROR;
				CLANG_WARN_SUSPICIOUS_MOVES = YES;
				CLANG_WARN_UNREACHABLE_CODE = YES;
				CLANG_WARN__DUPLICATE_METHOD_MATCH = YES;
				"CODE_SIGN_IDENTITY[sdk=iphoneos*]" = "iPhone Developer";
				COPY_PHASE_STRIP = NO;
				DEBUG_INFORMATION_FORMAT = dwarf;
				ENABLE_STRICT_OBJC_MSGSEND = YES;
				ENABLE_TESTABILITY = YES;
				GCC_C_LANGUAGE_STANDARD = gnu99;
				GCC_DYNAMIC_NO_PIC = NO;
				GCC_NO_COMMON_BLOCKS = YES;
				GCC_OPTIMIZATION_LEVEL = 0;
				GCC_PREPROCESSOR_DEFINITIONS = (
					"DEBUG=1",
					"$(inherited)",
				);
				GCC_WARN_64_TO_32_BIT_CONVERSION = YES;
				GCC_WARN_ABOUT_RETURN_TYPE = YES_ERROR;
				GCC_WARN_UNDECLARED_SELECTOR = YES;
				GCC_WARN_UNINITIALIZED_AUTOS = YES_AGGRESSIVE;
				GCC_WARN_UNUSED_FUNCTION = YES;
				GCC_WARN_UNUSED_VARIABLE = YES;
				IPHONEOS_DEPLOYMENT_TARGET = 10.1;
				MTL_ENABLE_DEBUG_INFO = YES;
				ONLY_ACTIVE_ARCH = YES;
				SDKROOT = iphoneos;
			};
			name = Debug;
		};
		1809152F1EA9F3AA001902DD /* Release */ = {
			isa = XCBuildConfiguration;
			buildSettings = {
				ALWAYS_SEARCH_USER_PATHS = NO;
				CLANG_ANALYZER_NONNULL = YES;
				CLANG_CXX_LANGUAGE_STANDARD = "gnu++0x";
				CLANG_CXX_LIBRARY = "libc++";
				CLANG_ENABLE_MODULES = YES;
				CLANG_ENABLE_OBJC_ARC = YES;
				CLANG_WARN_BOOL_CONVERSION = YES;
				CLANG_WARN_CONSTANT_CONVERSION = YES;
				CLANG_WARN_DIRECT_OBJC_ISA_USAGE = YES_ERROR;
				CLANG_WARN_DOCUMENTATION_COMMENTS = YES;
				CLANG_WARN_EMPTY_BODY = YES;
				CLANG_WARN_ENUM_CONVERSION = YES;
				CLANG_WARN_INFINITE_RECURSION = YES;
				CLANG_WARN_INT_CONVERSION = YES;
				CLANG_WARN_OBJC_ROOT_CLASS = YES_ERROR;
				CLANG_WARN_SUSPICIOUS_MOVES = YES;
				CLANG_WARN_UNREACHABLE_CODE = YES;
				CLANG_WARN__DUPLICATE_METHOD_MATCH = YES;
				"CODE_SIGN_IDENTITY[sdk=iphoneos*]" = "iPhone Developer";
				COPY_PHASE_STRIP = NO;
				DEBUG_INFORMATION_FORMAT = "dwarf-with-dsym";
				ENABLE_NS_ASSERTIONS = NO;
				ENABLE_STRICT_OBJC_MSGSEND = YES;
				GCC_C_LANGUAGE_STANDARD = gnu99;
				GCC_NO_COMMON_BLOCKS = YES;
				GCC_WARN_64_TO_32_BIT_CONVERSION = YES;
				GCC_WARN_ABOUT_RETURN_TYPE = YES_ERROR;
				GCC_WARN_UNDECLARED_SELECTOR = YES;
				GCC_WARN_UNINITIALIZED_AUTOS = YES_AGGRESSIVE;
				GCC_WARN_UNUSED_FUNCTION = YES;
				GCC_WARN_UNUSED_VARIABLE = YES;
				IPHONEOS_DEPLOYMENT_TARGET = 10.1;
				MTL_ENABLE_DEBUG_INFO = NO;
				SDKROOT = iphoneos;
				VALIDATE_PRODUCT = YES;
			};
			name = Release;
		};
		180915311EA9F3AA001902DD /* Debug */ = {
			isa = XCBuildConfiguration;
			baseConfigurationReference = 88C3C1A68A7A8659A99C9C7F /* Pods-YPMovie.debug.xcconfig */;
			buildSettings = {
				ASSETCATALOG_COMPILER_APPICON_NAME = AppIcon;
				DEVELOPMENT_TEAM = KCYZH97276;
				GCC_PRECOMPILE_PREFIX_HEADER = YES;
				GCC_PREFIX_HEADER = "$(SRCROOT)/YPMovie/YPPCH.pch";
				INFOPLIST_FILE = YPMovie/Info.plist;
				LD_RUNPATH_SEARCH_PATHS = "$(inherited) @executable_path/Frameworks";
				PRODUCT_BUNDLE_IDENTIFIER = com.SP.YPMovie;
				PRODUCT_NAME = "$(TARGET_NAME)";
			};
			name = Debug;
		};
		180915321EA9F3AA001902DD /* Release */ = {
			isa = XCBuildConfiguration;
			baseConfigurationReference = 7F813589EF0B2F5DDBC0BE24 /* Pods-YPMovie.release.xcconfig */;
			buildSettings = {
				ASSETCATALOG_COMPILER_APPICON_NAME = AppIcon;
				DEVELOPMENT_TEAM = KCYZH97276;
				GCC_PRECOMPILE_PREFIX_HEADER = YES;
				GCC_PREFIX_HEADER = "$(SRCROOT)/YPMovie/YPPCH.pch";
				INFOPLIST_FILE = YPMovie/Info.plist;
				LD_RUNPATH_SEARCH_PATHS = "$(inherited) @executable_path/Frameworks";
				PRODUCT_BUNDLE_IDENTIFIER = com.SP.YPMovie;
				PRODUCT_NAME = "$(TARGET_NAME)";
			};
			name = Release;
		};
		180915341EA9F3AA001902DD /* Debug */ = {
			isa = XCBuildConfiguration;
			buildSettings = {
				BUNDLE_LOADER = "$(TEST_HOST)";
				DEVELOPMENT_TEAM = KCYZH97276;
				INFOPLIST_FILE = YPMovieTests/Info.plist;
				LD_RUNPATH_SEARCH_PATHS = "$(inherited) @executable_path/Frameworks @loader_path/Frameworks";
				PRODUCT_BUNDLE_IDENTIFIER = com.SP.YPMovieTests;
				PRODUCT_NAME = "$(TARGET_NAME)";
				TEST_HOST = "$(BUILT_PRODUCTS_DIR)/YPMovie.app/YPMovie";
			};
			name = Debug;
		};
		180915351EA9F3AA001902DD /* Release */ = {
			isa = XCBuildConfiguration;
			buildSettings = {
				BUNDLE_LOADER = "$(TEST_HOST)";
				DEVELOPMENT_TEAM = KCYZH97276;
				INFOPLIST_FILE = YPMovieTests/Info.plist;
				LD_RUNPATH_SEARCH_PATHS = "$(inherited) @executable_path/Frameworks @loader_path/Frameworks";
				PRODUCT_BUNDLE_IDENTIFIER = com.SP.YPMovieTests;
				PRODUCT_NAME = "$(TARGET_NAME)";
				TEST_HOST = "$(BUILT_PRODUCTS_DIR)/YPMovie.app/YPMovie";
			};
			name = Release;
		};
		180915371EA9F3AA001902DD /* Debug */ = {
			isa = XCBuildConfiguration;
			buildSettings = {
				DEVELOPMENT_TEAM = KCYZH97276;
				INFOPLIST_FILE = YPMovieUITests/Info.plist;
				LD_RUNPATH_SEARCH_PATHS = "$(inherited) @executable_path/Frameworks @loader_path/Frameworks";
				PRODUCT_BUNDLE_IDENTIFIER = com.SP.YPMovieUITests;
				PRODUCT_NAME = "$(TARGET_NAME)";
				TEST_TARGET_NAME = YPMovie;
			};
			name = Debug;
		};
		180915381EA9F3AA001902DD /* Release */ = {
			isa = XCBuildConfiguration;
			buildSettings = {
				DEVELOPMENT_TEAM = KCYZH97276;
				INFOPLIST_FILE = YPMovieUITests/Info.plist;
				LD_RUNPATH_SEARCH_PATHS = "$(inherited) @executable_path/Frameworks @loader_path/Frameworks";
				PRODUCT_BUNDLE_IDENTIFIER = com.SP.YPMovieUITests;
				PRODUCT_NAME = "$(TARGET_NAME)";
				TEST_TARGET_NAME = YPMovie;
			};
			name = Release;
		};
/* End XCBuildConfiguration section */

/* Begin XCConfigurationList section */
		180914FE1EA9F3AA001902DD /* Build configuration list for PBXProject "YPMovie" */ = {
			isa = XCConfigurationList;
			buildConfigurations = (
				1809152E1EA9F3AA001902DD /* Debug */,
				1809152F1EA9F3AA001902DD /* Release */,
			);
			defaultConfigurationIsVisible = 0;
			defaultConfigurationName = Release;
		};
		180915301EA9F3AA001902DD /* Build configuration list for PBXNativeTarget "YPMovie" */ = {
			isa = XCConfigurationList;
			buildConfigurations = (
				180915311EA9F3AA001902DD /* Debug */,
				180915321EA9F3AA001902DD /* Release */,
			);
			defaultConfigurationIsVisible = 0;
			defaultConfigurationName = Release;
		};
		180915331EA9F3AA001902DD /* Build configuration list for PBXNativeTarget "YPMovieTests" */ = {
			isa = XCConfigurationList;
			buildConfigurations = (
				180915341EA9F3AA001902DD /* Debug */,
				180915351EA9F3AA001902DD /* Release */,
			);
			defaultConfigurationIsVisible = 0;
			defaultConfigurationName = Release;
		};
		180915361EA9F3AA001902DD /* Build configuration list for PBXNativeTarget "YPMovieUITests" */ = {
			isa = XCConfigurationList;
			buildConfigurations = (
				180915371EA9F3AA001902DD /* Debug */,
				180915381EA9F3AA001902DD /* Release */,
			);
			defaultConfigurationIsVisible = 0;
			defaultConfigurationName = Release;
		};
/* End XCConfigurationList section */
	};
	rootObject = 180914FB1EA9F3AA001902DD /* Project object */;
}
